
Microsoft Visual Studio Solution File, Format Version 12.00
# Visual Studio Version 17
VisualStudioVersion = 17.0.31903.59
MinimumVisualStudioVersion = 10.0.40219.1
Project("{FAE04EC0-301F-11D3-BF4B-00C04F79EFBC}") = "MarketplaceB2B.API", "MarketplaceB2B.API\MarketplaceB2B.API.csproj", "{41E4B556-DE93-4EC2-85AB-66CB58124F50}"
EndProject
Project("{FAE04EC0-301F-11D3-BF4B-00C04F79EFBC}") = "MarketplaceB2B.Domain", "MarketplaceB2B.Domain\MarketplaceB2B.Domain.csproj", "{8EE576AE-9E86-4AA0-B0BB-167FA41F17AD}"
EndProject
Project("{FAE04EC0-301F-11D3-BF4B-00C04F79EFBC}") = "MarketplaceB2B.Application", "MarketplaceB2B.Application\MarketplaceB2B.Application.csproj", "{C21C1802-18C1-47AF-A6C4-8C2347618057}"
EndProject
Project("{FAE04EC0-301F-11D3-BF4B-00C04F79EFBC}") = "MarketplaceB2B.Infrastructure", "MarketplaceB2B.Infrastructure\MarketplaceB2B.Infrastructure.csproj", "{844CBF4B-0742-4EC1-B135-DCEBA924352D}"
EndProject
Global
	GlobalSection(SolutionConfigurationPlatforms) = preSolution
		Debug|Any CPU = Debug|Any CPU
		Release|Any CPU = Release|Any CPU
	EndGlobalSection
	GlobalSection(SolutionProperties) = preSolution
		HideSolutionNode = FALSE
	EndGlobalSection
	GlobalSection(ProjectConfigurationPlatforms) = postSolution
		{41E4B556-DE93-4EC2-85AB-66CB58124F50}.Debug|Any CPU.ActiveCfg = Debug|Any CPU
		{41E4B556-DE93-4EC2-85AB-66CB58124F50}.Debug|Any CPU.Build.0 = Debug|Any CPU
		{41E4B556-DE93-4EC2-85AB-66CB58124F50}.Release|Any CPU.ActiveCfg = Release|Any CPU
		{41E4B556-DE93-4EC2-85AB-66CB58124F50}.Release|Any CPU.Build.0 = Release|Any CPU
		{8EE576AE-9E86-4AA0-B0BB-167FA41F17AD}.Debug|Any CPU.ActiveCfg = Debug|Any CPU
		{8EE576AE-9E86-4AA0-B0BB-167FA41F17AD}.Debug|Any CPU.Build.0 = Debug|Any CPU
		{8EE576AE-9E86-4AA0-B0BB-167FA41F17AD}.Release|Any CPU.ActiveCfg = Release|Any CPU
		{8EE576AE-9E86-4AA0-B0BB-167FA41F17AD}.Release|Any CPU.Build.0 = Release|Any CPU
		{C21C1802-18C1-47AF-A6C4-8C2347618057}.Debug|Any CPU.ActiveCfg = Debug|Any CPU
		{C21C1802-18C1-47AF-A6C4-8C2347618057}.Debug|Any CPU.Build.0 = Debug|Any CPU
		{C21C1802-18C1-47AF-A6C4-8C2347618057}.Release|Any CPU.ActiveCfg = Release|Any CPU
		{C21C1802-18C1-47AF-A6C4-8C2347618057}.Release|Any CPU.Build.0 = Release|Any CPU
		{844CBF4B-0742-4EC1-B135-DCEBA924352D}.Debug|Any CPU.ActiveCfg = Debug|Any CPU
		{844CBF4B-0742-4EC1-B135-DCEBA924352D}.Debug|Any CPU.Build.0 = Debug|Any CPU
		{844CBF4B-0742-4EC1-B135-DCEBA924352D}.Release|Any CPU.ActiveCfg = Release|Any CPU
		{844CBF4B-0742-4EC1-B135-DCEBA924352D}.Release|Any CPU.Build.0 = Release|Any CPU
	EndGlobalSection
EndGlobal
